
Microsoft Visual Studio Solution File, Format Version 12.00
# Visual Studio Version 16
VisualStudioVersion = 16.0.31005.135
MinimumVisualStudioVersion = 10.0.40219.1
Project("{FAE04EC0-301F-11D3-BF4B-00C04F79EFBC}") = "Matrices_CSharp", "Matrices_CSharp.csproj", "{F859D96C-0BF5-4122-AE74-BC71D9612DAD}"
EndProject
Global
	GlobalSection(SolutionConfigurationPlatforms) = preSolution
		Debug|Any CPU = Debug|Any CPU
		Release|Any CPU = Release|Any CPU
	EndGlobalSection
	GlobalSection(ProjectConfigurationPlatforms) = postSolution
		{F859D96C-0BF5-4122-AE74-BC71D9612DAD}.Debug|Any CPU.ActiveCfg = Debug|Any CPU
		{F859D96C-0BF5-4122-AE74-BC71D9612DAD}.Debug|Any CPU.Build.0 = Debug|Any CPU
		{F859D96C-0BF5-4122-AE74-BC71D9612DAD}.Release|Any CPU.ActiveCfg = Release|Any CPU
		{F859D96C-0BF5-4122-AE74-BC71D9612DAD}.Release|Any CPU.Build.0 = Release|Any CPU
	EndGlobalSection
	GlobalSection(SolutionProperties) = preSolution
		HideSolutionNode = FALSE
	EndGlobalSection
	GlobalSection(ExtensibilityGlobals) = postSolution
		SolutionGuid = {92AD2054-43B6-4FC4-A998-C75A4AF1AF6F}
	EndGlobalSection
EndGlobal
